
Microsoft Visual Studio Solution File, Format Version 12.00
# Visual Studio Version 16
VisualStudioVersion = 16.0.31205.134
MinimumVisualStudioVersion = 10.0.40219.1
Project("{FAE04EC0-301F-11D3-BF4B-00C04F79EFBC}") = "Switch", "Switch.csproj", "{051908C6-DFDE-4CEC-BFD7-FE4F82B7800E}"
EndProject
Global
	GlobalSection(SolutionConfigurationPlatforms) = preSolution
		Debug|Any CPU = Debug|Any CPU
		Release|Any CPU = Release|Any CPU
	EndGlobalSection
	GlobalSection(ProjectConfigurationPlatforms) = postSolution
		{051908C6-DFDE-4CEC-BFD7-FE4F82B7800E}.Debug|Any CPU.ActiveCfg = Debug|Any CPU
		{051908C6-DFDE-4CEC-BFD7-FE4F82B7800E}.Debug|Any CPU.Build.0 = Debug|Any CPU
		{051908C6-DFDE-4CEC-BFD7-FE4F82B7800E}.Release|Any CPU.ActiveCfg = Release|Any CPU
		{051908C6-DFDE-4CEC-BFD7-FE4F82B7800E}.Release|Any CPU.Build.0 = Release|Any CPU
	EndGlobalSection
	GlobalSection(SolutionProperties) = preSolution
		HideSolutionNode = FALSE
	EndGlobalSection
	GlobalSection(ExtensibilityGlobals) = postSolution
		SolutionGuid = {F0E48026-834A-42EB-A4D8-515CF313AF3E}
	EndGlobalSection
EndGlobal
